<?xml version="1.0" encoding="utf-8"?>
<Project ToolsVersion="4.0" xmlns="http://schemas.microsoft.com/developer/msbuild/2003">
  <ItemGroup>
    <Filter Include="Common">
      <UniqueIdentifier>a76fe8cb-ae24-4307-8e9d-a4c5d0c25ceb</UniqueIdentifier>
    </Filter>
    <Filter Include="Assets">
      <UniqueIdentifier>2c184148-7a0a-4261-bd1a-5b29d30f8dcd</UniqueIdentifier>
      <Extensions>ico;cur;bmp;dds;dlg;fbx;rct;bin;rgs;gif;jpg;jpeg;jpe;resx;tga;tiff;tif;png;wav;mfcribbon-ms</Extensions>
    </Filter>
    <Filter Include="Input">
      <UniqueIdentifier>{290517e8-aeb4-4ae3-8917-e15e2f08b3b1}</UniqueIdentifier>
    </Filter>
    <Filter Include="Game">
      <UniqueIdentifier>{d58d3153-bb18-4f5d-b0f3-26bd68f02123}</UniqueIdentifier>
    </Filter>
    <Filter Include="Game\Scenes">
      <UniqueIdentifier>{b2048a84-39ee-40b3-99a1-cb667f3a758e}</UniqueIdentifier>
    </Filter>
    <Filter Include="Graphics">
      <UniqueIdentifier>{0d65af47-998c-4fd2-a345-f8a988e3d53c}</UniqueIdentifier>
    </Filter>
    <Filter Include="Game\World">
      <UniqueIdentifier>{d8b2dca3-4a68-4720-8c71-d05bd05bdf37}</UniqueIdentifier>
    </Filter>
    <Filter Include="Assets\Shaders">
      <UniqueIdentifier>{31f9c28e-180b-4810-a8a9-4b797f1d7695}</UniqueIdentifier>
    </Filter>
    <Filter Include="System">
      <UniqueIdentifier>{b4a5e20e-73f0-42ff-a636-ff58c1c498dc}</UniqueIdentifier>
    </Filter>
    <Filter Include="Game\MD5Model">
      <UniqueIdentifier>{1ad24ecb-6b22-4a55-ab97-de09f683ea53}</UniqueIdentifier>
    </Filter>
    <Filter Include="Graphics\Buffers">
      <UniqueIdentifier>{afc3f87d-f1e4-4c43-bc6e-9581c2f726f1}</UniqueIdentifier>
    </Filter>
    <Filter Include="Graphics\Buffers\Vertex">
      <UniqueIdentifier>{dd8b5cfe-c7ed-4d09-a70f-c727ad05f897}</UniqueIdentifier>
    </Filter>
    <Filter Include="Graphics\Buffers\Index">
      <UniqueIdentifier>{a0de050d-a990-4726-a934-4833d8a04020}</UniqueIdentifier>
    </Filter>
    <Filter Include="Graphics\Buffers\Constant">
      <UniqueIdentifier>{47a55836-1f41-4189-b696-5a2283f5cadf}</UniqueIdentifier>
    </Filter>
    <Filter Include="Graphics\Buffers\Constant\Types">
      <UniqueIdentifier>{22597b25-27c1-4bdf-a6ba-ad69142990d7}</UniqueIdentifier>
    </Filter>
    <Filter Include="Graphics\Buffers\Vertex\Types">
      <UniqueIdentifier>{319bdef6-a9d8-4427-84b0-cf68fa7fa0ee}</UniqueIdentifier>
    </Filter>
    <Filter Include="Assets\Models">
      <UniqueIdentifier>{95107d52-2e76-449d-b2d0-6eafb2b0e416}</UniqueIdentifier>
    </Filter>
    <Filter Include="Assets\Models\Guard">
      <UniqueIdentifier>{3628a3d0-7c02-4e15-a6f2-c6c330aa7ff4}</UniqueIdentifier>
    </Filter>
    <Filter Include="Assets\Models\Guard\Textures">
      <UniqueIdentifier>{5526205e-d82f-4aa7-92b2-07aa8d38e6c5}</UniqueIdentifier>
    </Filter>
    <Filter Include="Assets\Terrain">
      <UniqueIdentifier>{0a0a9485-aff7-48a1-90e4-50e1ca69f958}</UniqueIdentifier>
    </Filter>
    <Filter Include="Assets\Images">
      <UniqueIdentifier>{2c843e4a-9af7-4b38-9bb2-f6a92087244f}</UniqueIdentifier>
    </Filter>
  </ItemGroup>
  <ItemGroup>
    <ClInclude Include="Scene.h">
      <Filter>Game\Scenes</Filter>
    </ClInclude>
    <ClInclude Include="SceneManager.h">
      <Filter>Game\Scenes</Filter>
    </ClInclude>
    <ClInclude Include="MouseData.h">
      <Filter>Input</Filter>
    </ClInclude>
    <ClInclude Include="pch.h">
      <Filter>Common</Filter>
    </ClInclude>
    <ClInclude Include="Game.h">
      <Filter>Game</Filter>
    </ClInclude>
    <ClInclude Include="Camera.h">
      <Filter>Game</Filter>
    </ClInclude>
    <ClInclude Include="SceneNode.h">
      <Filter>Game\Scenes</Filter>
    </ClInclude>
    <ClInclude Include="NodeDisplayFPS.h">
      <Filter>Game\Scenes</Filter>
    </ClInclude>
    <ClInclude Include="PlayScene.h">
      <Filter>Game\Scenes</Filter>
    </ClInclude>
    <ClInclude Include="Terrain.h">
      <Filter>Game\World</Filter>
    </ClInclude>
    <ClInclude Include="TerrainShader.h">
      <Filter>Game\World</Filter>
    </ClInclude>
    <ClInclude Include="DeviceResources.h">
      <Filter>Graphics</Filter>
    </ClInclude>
    <ClInclude Include="StepTimer.h">
      <Filter>System</Filter>
    </ClInclude>
    <ClInclude Include="MD5Vertex.h">
      <Filter>Game\MD5Model</Filter>
    </ClInclude>
    <ClInclude Include="MD5ModelShader.h">
      <Filter>Game\MD5Model</Filter>
    </ClInclude>
    <ClInclude Include="MD5Model.h">
      <Filter>Game\MD5Model</Filter>
    </ClInclude>
    <ClInclude Include="MD5Animation.h">
      <Filter>Game\MD5Model</Filter>
    </ClInclude>
    <ClInclude Include="ConstantBufferTypes.h">
      <Filter>Graphics\Buffers\Constant\Types</Filter>
    </ClInclude>
    <ClInclude Include="ConstantBuffer.h">
      <Filter>Graphics\Buffers\Constant</Filter>
    </ClInclude>
    <ClInclude Include="VertexBuffer.h">
      <Filter>Graphics\Buffers\Vertex</Filter>
    </ClInclude>
    <ClInclude Include="DynamicVertexBuffer.h">
      <Filter>Graphics\Buffers\Vertex</Filter>
    </ClInclude>
    <ClInclude Include="VertexBufferTypes.h">
      <Filter>Graphics\Buffers\Vertex\Types</Filter>
    </ClInclude>
    <ClInclude Include="IndexBuffer.h">
      <Filter>Graphics\Buffers\Index</Filter>
    </ClInclude>
  </ItemGroup>
  <ItemGroup>
    <ClCompile Include="Main.cpp" />
    <ClCompile Include="Scene.cpp">
      <Filter>Game\Scenes</Filter>
    </ClCompile>
    <ClCompile Include="SceneManager.cpp">
      <Filter>Game\Scenes</Filter>
    </ClCompile>
    <ClCompile Include="MouseData.cpp">
      <Filter>Input</Filter>
    </ClCompile>
    <ClCompile Include="pch.cpp">
      <Filter>Common</Filter>
    </ClCompile>
    <ClCompile Include="Game.cpp">
      <Filter>Game</Filter>
    </ClCompile>
    <ClCompile Include="SceneNode.cpp">
      <Filter>Game\Scenes</Filter>
    </ClCompile>
    <ClCompile Include="NodeDisplayFPS.cpp">
      <Filter>Game\Scenes</Filter>
    </ClCompile>
    <ClCompile Include="PlayScene.cpp">
      <Filter>Game\Scenes</Filter>
    </ClCompile>
    <ClCompile Include="Terrain.cpp">
      <Filter>Game\World</Filter>
    </ClCompile>
    <ClCompile Include="TerrainShader.cpp">
      <Filter>Game\World</Filter>
    </ClCompile>
    <ClCompile Include="DeviceResources.cpp">
      <Filter>Graphics</Filter>
    </ClCompile>
    <ClCompile Include="Camera.cpp">
      <Filter>Game</Filter>
    </ClCompile>
    <ClCompile Include="MD5Vertex.cpp">
      <Filter>Game\MD5Model</Filter>
    </ClCompile>
    <ClCompile Include="MD5ModelShader.cpp">
      <Filter>Game\MD5Model</Filter>
    </ClCompile>
    <ClCompile Include="MD5Model.cpp">
      <Filter>Game\MD5Model</Filter>
    </ClCompile>
    <ClCompile Include="MD5Animation.cpp">
      <Filter>Game\MD5Model</Filter>
    </ClCompile>
    <ClCompile Include="ConstantBufferTypes.cpp">
      <Filter>Graphics\Buffers\Constant\Types</Filter>
    </ClCompile>
    <ClCompile Include="ConstantBuffer.cpp">
      <Filter>Graphics\Buffers\Constant</Filter>
    </ClCompile>
    <ClCompile Include="VertexBuffer.cpp">
      <Filter>Graphics\Buffers\Vertex</Filter>
    </ClCompile>
    <ClCompile Include="DynamicVertexBuffer.cpp">
      <Filter>Graphics\Buffers\Vertex</Filter>
    </ClCompile>
    <ClCompile Include="VertexBufferTypes.cpp">
      <Filter>Graphics\Buffers\Vertex\Types</Filter>
    </ClCompile>
    <ClCompile Include="IndexBuffer.cpp">
      <Filter>Graphics\Buffers\Index</Filter>
    </ClCompile>
  </ItemGroup>
  <ItemGroup>
    <Image Include="bow.ico">
      <Filter>Assets</Filter>
    </Image>
    <Image Include="guard1_body.jpg">
      <Filter>Assets\Models\Guard\Textures</Filter>
    </Image>
    <Image Include="guard1_body_h.jpg">
      <Filter>Assets\Models\Guard\Textures</Filter>
    </Image>
    <Image Include="guard1_body_s.jpg">
      <Filter>Assets\Models\Guard\Textures</Filter>
    </Image>
    <Image Include="guard1_face.jpg">
      <Filter>Assets\Models\Guard\Textures</Filter>
    </Image>
    <Image Include="guard1_face_local.jpg">
      <Filter>Assets\Models\Guard\Textures</Filter>
    </Image>
    <Image Include="guard1_face_s.jpg">
      <Filter>Assets\Models\Guard\Textures</Filter>
    </Image>
    <Image Include="guard1_helmet.jpg">
      <Filter>Assets\Models\Guard\Textures</Filter>
    </Image>
    <Image Include="guard1_helmet_h.jpg">
      <Filter>Assets\Models\Guard\Textures</Filter>
    </Image>
    <Image Include="guard1_helmet_s.jpg">
      <Filter>Assets\Models\Guard\Textures</Filter>
    </Image>
    <Image Include="iron_grill.jpg">
      <Filter>Assets\Models\Guard\Textures</Filter>
    </Image>
    <Image Include="round_grill.jpg">
      <Filter>Assets\Models\Guard\Textures</Filter>
    </Image>
    <Image Include="round_grill_h.jpg">
      <Filter>Assets\Models\Guard\Textures</Filter>
    </Image>
    <Image Include="terrain.jpg">
      <Filter>Assets\Terrain</Filter>
    </Image>
    <Image Include="terrain.png">
      <Filter>Assets\Terrain</Filter>
    </Image>
    <Image Include="sky.jpg">
      <Filter>Assets\Images</Filter>
    </Image>
    <Image Include="water.jpg">
      <Filter>Assets\Images</Filter>
    </Image>
  </ItemGroup>
  <ItemGroup>
    <Manifest Include="settings.manifest">
      <Filter>Assets</Filter>
    </Manifest>
  </ItemGroup>
  <ItemGroup>
    <ResourceCompile Include="resource.rc">
      <Filter>Assets</Filter>
    </ResourceCompile>
  </ItemGroup>
  <ItemGroup>
    <FxCompile Include="TerrainPixelShader.hlsl">
      <Filter>Assets\Shaders</Filter>
    </FxCompile>
    <FxCompile Include="TerrainVertexShader.hlsl">
      <Filter>Assets\Shaders</Filter>
    </FxCompile>
    <FxCompile Include="MD5ModelVertexShader.hlsl">
      <Filter>Assets\Shaders</Filter>
    </FxCompile>
    <FxCompile Include="MD5ModelPixelShader.hlsl">
      <Filter>Assets\Shaders</Filter>
    </FxCompile>
  </ItemGroup>
  <ItemGroup>
    <None Include="guard.md5anim">
      <Filter>Assets\Models\Guard</Filter>
    </None>
    <None Include="guard.md5mesh">
      <Filter>Assets\Models\Guard</Filter>
    </None>
    <None Include="terrain.raw">
      <Filter>Assets\Terrain</Filter>
    </None>
  </ItemGroup>
</Project>