<?xml version="1.0" encoding="utf-8"?>
<Project ToolsVersion="4.0" xmlns="http://schemas.microsoft.com/developer/msbuild/2003">
  <ItemGroup>
    <Filter Include="include">
      <UniqueIdentifier>{a5a23719-c3eb-45de-9cbc-0bb564e03f8e}</UniqueIdentifier>
    </Filter>
    <Filter Include="source">
      <UniqueIdentifier>{7bcf10bb-8928-468c-adc4-d5d37979d6f3}</UniqueIdentifier>
    </Filter>
  </ItemGroup>
  <ItemGroup>
    <ClInclude Include="include\imconfig.h">
      <Filter>include</Filter>
    </ClInclude>
    <ClInclude Include="include\imgui.h">
      <Filter>include</Filter>
    </ClInclude>
    <ClInclude Include="include\imgui_impl_dx11.h">
      <Filter>include</Filter>
    </ClInclude>
    <ClInclude Include="include\imgui_impl_win32.h">
      <Filter>include</Filter>
    </ClInclude>
    <ClInclude Include="include\imgui_internal.h">
      <Filter>include</Filter>
    </ClInclude>
    <ClInclude Include="include\imstb_rectpack.h">
      <Filter>include</Filter>
    </ClInclude>
    <ClInclude Include="include\imstb_textedit.h">
      <Filter>include</Filter>
    </ClInclude>
    <ClInclude Include="include\imstb_truetype.h">
      <Filter>include</Filter>
    </ClInclude>
  </ItemGroup>
  <ItemGroup>
    <ClCompile Include="source\imgui.cpp">
      <Filter>source</Filter>
    </ClCompile>
    <ClCompile Include="source\imgui_draw.cpp">
      <Filter>source</Filter>
    </ClCompile>
    <ClCompile Include="source\imgui_impl_dx11.cpp">
      <Filter>source</Filter>
    </ClCompile>
    <ClCompile Include="source\imgui_impl_win32.cpp">
      <Filter>source</Filter>
    </ClCompile>
    <ClCompile Include="source\imgui_widgets.cpp">
      <Filter>source</Filter>
    </ClCompile>
  </ItemGroup>
</Project>